
Microsoft Visual Studio Solution File, Format Version 12.00
# Visual Studio Version 17
VisualStudioVersion = 17.4.33122.133
MinimumVisualStudioVersion = 10.0.40219.1
Project("{FAE04EC0-301F-11D3-BF4B-00C04F79EFBC}") = "Shop.API", "Shop\Shop.API.csproj", "{F2D7E9BA-4740-4C3E-8C24-08B5D4FE66D1}"
EndProject
Project("{FAE04EC0-301F-11D3-BF4B-00C04F79EFBC}") = "Shop.Core", "Shop.Core\Shop.Core.csproj", "{CC91C846-FC55-453A-9748-0A9426356958}"
EndProject
Project("{FAE04EC0-301F-11D3-BF4B-00C04F79EFBC}") = "Shop.Data", "Shop.Data\Shop.Data.csproj", "{39FCB4A0-B8CC-42D1-9578-6C0A4786B8D5}"
EndProject
Project("{FAE04EC0-301F-11D3-BF4B-00C04F79EFBC}") = "Shop.Service", "Shop.Service\Shop.Service.csproj", "{88FCEA40-2FB9-4C23-869C-CC9F4CBB8AE7}"
EndProject
Global
	GlobalSection(SolutionConfigurationPlatforms) = preSolution
		Debug|Any CPU = Debug|Any CPU
		Release|Any CPU = Release|Any CPU
	EndGlobalSection
	GlobalSection(ProjectConfigurationPlatforms) = postSolution
		{F2D7E9BA-4740-4C3E-8C24-08B5D4FE66D1}.Debug|Any CPU.ActiveCfg = Debug|Any CPU
		{F2D7E9BA-4740-4C3E-8C24-08B5D4FE66D1}.Debug|Any CPU.Build.0 = Debug|Any CPU
		{F2D7E9BA-4740-4C3E-8C24-08B5D4FE66D1}.Release|Any CPU.ActiveCfg = Release|Any CPU
		{F2D7E9BA-4740-4C3E-8C24-08B5D4FE66D1}.Release|Any CPU.Build.0 = Release|Any CPU
		{CC91C846-FC55-453A-9748-0A9426356958}.Debug|Any CPU.ActiveCfg = Debug|Any CPU
		{CC91C846-FC55-453A-9748-0A9426356958}.Debug|Any CPU.Build.0 = Debug|Any CPU
		{CC91C846-FC55-453A-9748-0A9426356958}.Release|Any CPU.ActiveCfg = Release|Any CPU
		{CC91C846-FC55-453A-9748-0A9426356958}.Release|Any CPU.Build.0 = Release|Any CPU
		{39FCB4A0-B8CC-42D1-9578-6C0A4786B8D5}.Debug|Any CPU.ActiveCfg = Debug|Any CPU
		{39FCB4A0-B8CC-42D1-9578-6C0A4786B8D5}.Debug|Any CPU.Build.0 = Debug|Any CPU
		{39FCB4A0-B8CC-42D1-9578-6C0A4786B8D5}.Release|Any CPU.ActiveCfg = Release|Any CPU
		{39FCB4A0-B8CC-42D1-9578-6C0A4786B8D5}.Release|Any CPU.Build.0 = Release|Any CPU
		{88FCEA40-2FB9-4C23-869C-CC9F4CBB8AE7}.Debug|Any CPU.ActiveCfg = Debug|Any CPU
		{88FCEA40-2FB9-4C23-869C-CC9F4CBB8AE7}.Debug|Any CPU.Build.0 = Debug|Any CPU
		{88FCEA40-2FB9-4C23-869C-CC9F4CBB8AE7}.Release|Any CPU.ActiveCfg = Release|Any CPU
		{88FCEA40-2FB9-4C23-869C-CC9F4CBB8AE7}.Release|Any CPU.Build.0 = Release|Any CPU
	EndGlobalSection
	GlobalSection(SolutionProperties) = preSolution
		HideSolutionNode = FALSE
	EndGlobalSection
	GlobalSection(ExtensibilityGlobals) = postSolution
		SolutionGuid = {6E7CA1F3-266A-4838-A874-2ED32CE52C83}
	EndGlobalSection
EndGlobal
